// !$*UTF8*$!
{
	archiveVersion = 1;
	classes = {
	};
	objectVersion = 50;
	objects = {

/* Begin PBXBuildFile section */
		8730C8F021E8818C00F9F510 /* AppDelegate.swift in Sources */ = {isa = PBXBuildFile; fileRef = 8730C8EF21E8818C00F9F510 /* AppDelegate.swift */; };
		8730C8F221E8818C00F9F510 /* ViewController.swift in Sources */ = {isa = PBXBuildFile; fileRef = 8730C8F121E8818C00F9F510 /* ViewController.swift */; };
		8730C8F521E8818C00F9F510 /* Main.storyboard in Resources */ = {isa = PBXBuildFile; fileRef = 8730C8F321E8818C00F9F510 /* Main.storyboard */; };
		8730C8F721E8818E00F9F510 /* Assets.xcassets in Resources */ = {isa = PBXBuildFile; fileRef = 8730C8F621E8818E00F9F510 /* Assets.xcassets */; };
		8730C8FA21E8818E00F9F510 /* LaunchScreen.storyboard in Resources */ = {isa = PBXBuildFile; fileRef = 8730C8F821E8818E00F9F510 /* LaunchScreen.storyboard */; };
		8730C90521E8818E00F9F510 /* MyAppTests.swift in Sources */ = {isa = PBXBuildFile; fileRef = 8730C90421E8818E00F9F510 /* MyAppTests.swift */; };
		8730C91021E8818E00F9F510 /* MyAppUITests.swift in Sources */ = {isa = PBXBuildFile; fileRef = 8730C90F21E8818E00F9F510 /* MyAppUITests.swift */; };
/* End PBXBuildFile section */

/* Begin PBXContainerItemProxy section */
		8730C90121E8818E00F9F510 /* PBXContainerItemProxy */ = {
			isa = PBXContainerItemProxy;
			containerPortal = 8730C8E421E8818C00F9F510 /* Project object */;
			proxyType = 1;
			remoteGlobalIDString = 8730C8EB21E8818C00F9F510;
			remoteInfo = MyApp;
		};
		8730C90C21E8818E00F9F510 /* PBXContainerItemProxy */ = {
			isa = PBXContainerItemProxy;
			containerPortal = 8730C8E421E8818C00F9F510 /* Project object */;
			proxyType = 1;
			remoteGlobalIDString = 8730C8EB21E8818C00F9F510;
			remoteInfo = MyApp;
		};
/* End PBXContainerItemProxy section */

/* Begin PBXFileReference section */
		8730C8EC21E8818C00F9F510 /* MyApp.app */ = {isa = PBXFileReference; explicitFileType = wrapper.application; includeInIndex = 0; path = MyApp.app; sourceTree = BUILT_PRODUCTS_DIR; };
		8730C8EF21E8818C00F9F510 /* AppDelegate.swift */ = {isa = PBXFileReference; lastKnownFileType = sourcecode.swift; path = AppDelegate.swift; sourceTree = "<group>"; };
		8730C8F121E8818C00F9F510 /* ViewController.swift */ = {isa = PBXFileReference; lastKnownFileType = sourcecode.swift; path = ViewController.swift; sourceTree = "<group>"; };
		8730C8F421E8818C00F9F510 /* Base */ = {isa = PBXFileReference; lastKnownFileType = file.storyboard; name = Base; path = Base.lproj/Main.storyboard; sourceTree = "<group>"; };
		8730C8F621E8818E00F9F510 /* Assets.xcassets */ = {isa = PBXFileReference; lastKnownFileType = folder.assetcatalog; path = Assets.xcassets; sourceTree = "<group>"; };
		8730C8F921E8818E00F9F510 /* Base */ = {isa = PBXFileReference; lastKnownFileType = file.storyboard; name = Base; path = Base.lproj/LaunchScreen.storyboard; sourceTree = "<group>"; };
		8730C8FB21E8818E00F9F510 /* Info.plist */ = {isa = PBXFileReference; lastKnownFileType = text.plist.xml; path = Info.plist; sourceTree = "<group>"; };
		8730C90021E8818E00F9F510 /* MyAppTests.xctest */ = {isa = PBXFileReference; explicitFileType = wrapper.cfbundle; includeInIndex = 0; path = MyAppTests.xctest; sourceTree = BUILT_PRODUCTS_DIR; };
		8730C90421E8818E00F9F510 /* MyAppTests.swift */ = {isa = PBXFileReference; lastKnownFileType = sourcecode.swift; path = MyAppTests.swift; sourceTree = "<group>"; };
		8730C90621E8818E00F9F510 /* Info.plist */ = {isa = PBXFileReference; lastKnownFileType = text.plist.xml; path = Info.plist; sourceTree = "<group>"; };
		8730C90B21E8818E00F9F510 /* MyAppUITests.xctest */ = {isa = PBXFileReference; explicitFileType = wrapper.cfbundle; includeInIndex = 0; path = MyAppUITests.xctest; sourceTree = BUILT_PRODUCTS_DIR; };
		8730C90F21E8818E00F9F510 /* MyAppUITests.swift */ = {isa = PBXFileReference; lastKnownFileType = sourcecode.swift; path = MyAppUITests.swift; sourceTree = "<group>"; };
		8730C91121E8818E00F9F510 /* Info.plist */ = {isa = PBXFileReference; lastKnownFileType = text.plist.xml; path = Info.plist; sourceTree = "<group>"; };
/* End PBXFileReference section */

/* Begin PBXFrameworksBuildPhase section */
		8730C8E921E8818C00F9F510 /* Frameworks */ = {
			isa = PBXFrameworksBuildPhase;
			buildActionMask = 2147483647;
			files = (
			);
			runOnlyForDeploymentPostprocessing = 0;
		};
		8730C8FD21E8818E00F9F510 /* Frameworks */ = {
			isa = PBXFrameworksBuildPhase;
			buildActionMask = 2147483647;
			files = (
			);
			runOnlyForDeploymentPostprocessing = 0;
		};
		8730C90821E8818E00F9F510 /* Frameworks */ = {
			isa = PBXFrameworksBuildPhase;
			buildActionMask = 2147483647;
			files = (
			);
			runOnlyForDeploymentPostprocessing = 0;
		};
/* End PBXFrameworksBuildPhase section */

/* Begin PBXGroup section */
		8730C8E321E8818C00F9F510 = {
			isa = PBXGroup;
			children = (
				8730C8EE21E8818C00F9F510 /* MyApp */,
				8730C90321E8818E00F9F510 /* MyAppTests */,
				8730C90E21E8818E00F9F510 /* MyAppUITests */,
				8730C8ED21E8818C00F9F510 /* Products */,
			);
			sourceTree = "<group>";
		};
		8730C8ED21E8818C00F9F510 /* Products */ = {
			isa = PBXGroup;
			children = (
				8730C8EC21E8818C00F9F510 /* MyApp.app */,
				8730C90021E8818E00F9F510 /* MyAppTests.xctest */,
				8730C90B21E8818E00F9F510 /* MyAppUITests.xctest */,
			);
			name = Products;
			sourceTree = "<group>";
		};
		8730C8EE21E8818C00F9F510 /* MyApp */ = {
			isa = PBXGroup;
			children = (
				8730C8EF21E8818C00F9F510 /* AppDelegate.swift */,
				8730C8F121E8818C00F9F510 /* ViewController.swift */,
				8730C8F321E8818C00F9F510 /* Main.storyboard */,
				8730C8F621E8818E00F9F510 /* Assets.xcassets */,
				8730C8F821E8818E00F9F510 /* LaunchScreen.storyboard */,
				8730C8FB21E8818E00F9F510 /* Info.plist */,
			);
			path = MyApp;
			sourceTree = "<group>";
		};
		8730C90321E8818E00F9F510 /* MyAppTests */ = {
			isa = PBXGroup;
			children = (
				8730C90421E8818E00F9F510 /* MyAppTests.swift */,
				8730C90621E8818E00F9F510 /* Info.plist */,
			);
			path = MyAppTests;
			sourceTree = "<group>";
		};
		8730C90E21E8818E00F9F510 /* MyAppUITests */ = {
			isa = PBXGroup;
			children = (
				8730C90F21E8818E00F9F510 /* MyAppUITests.swift */,
				8730C91121E8818E00F9F510 /* Info.plist */,
			);
			path = MyAppUITests;
			sourceTree = "<group>";
		};
/* End PBXGroup section */

/* Begin PBXNativeTarget section */
		8730C8EB21E8818C00F9F510 /* MyApp */ = {
			isa = PBXNativeTarget;
			buildConfigurationList = 8730C91421E8818E00F9F510 /* Build configuration list for PBXNativeTarget "MyApp" */;
			buildPhases = (
				8730C8E821E8818C00F9F510 /* Sources */,
				8730C8E921E8818C00F9F510 /* Frameworks */,
				8730C8EA21E8818C00F9F510 /* Resources */,
			);
			buildRules = (
			);
			dependencies = (
			);
			name = MyApp;
			productName = MyApp;
			productReference = 8730C8EC21E8818C00F9F510 /* MyApp.app */;
			productType = "com.apple.product-type.application";
		};
		8730C8FF21E8818E00F9F510 /* MyAppTests */ = {
			isa = PBXNativeTarget;
			buildConfigurationList = 8730C91721E8818E00F9F510 /* Build configuration list for PBXNativeTarget "MyAppTests" */;
			buildPhases = (
				8730C8FC21E8818E00F9F510 /* Sources */,
				8730C8FD21E8818E00F9F510 /* Frameworks */,
				8730C8FE21E8818E00F9F510 /* Resources */,
			);
			buildRules = (
			);
			dependencies = (
				8730C90221E8818E00F9F510 /* PBXTargetDependency */,
			);
			name = MyAppTests;
			productName = MyAppTests;
			productReference = 8730C90021E8818E00F9F510 /* MyAppTests.xctest */;
			productType = "com.apple.product-type.bundle.unit-test";
		};
		8730C90A21E8818E00F9F510 /* MyAppUITests */ = {
			isa = PBXNativeTarget;
			buildConfigurationList = 8730C91A21E8818E00F9F510 /* Build configuration list for PBXNativeTarget "MyAppUITests" */;
			buildPhases = (
				8730C90721E8818E00F9F510 /* Sources */,
				8730C90821E8818E00F9F510 /* Frameworks */,
				8730C90921E8818E00F9F510 /* Resources */,
			);
			buildRules = (
			);
			dependencies = (
				8730C90D21E8818E00F9F510 /* PBXTargetDependency */,
			);
			name = MyAppUITests;
			productName = MyAppUITests;
			productReference = 8730C90B21E8818E00F9F510 /* MyAppUITests.xctest */;
			productType = "com.apple.product-type.bundle.ui-testing";
		};
/* End PBXNativeTarget section */

/* Begin PBXProject section */
		8730C8E421E8818C00F9F510 /* Project object */ = {
			isa = PBXProject;
			attributes = {
				LastSwiftUpdateCheck = 1010;
				LastUpgradeCheck = 1010;
				ORGANIZATIONNAME = Heady;
				TargetAttributes = {
					8730C8EB21E8818C00F9F510 = {
						CreatedOnToolsVersion = 10.1;
					};
					8730C8FF21E8818E00F9F510 = {
						CreatedOnToolsVersion = 10.1;
						TestTargetID = 8730C8EB21E8818C00F9F510;
					};
					8730C90A21E8818E00F9F510 = {
						CreatedOnToolsVersion = 10.1;
						TestTargetID = 8730C8EB21E8818C00F9F510;
					};
				};
			};
			buildConfigurationList = 8730C8E721E8818C00F9F510 /* Build configuration list for PBXProject "MyApp" */;
			compatibilityVersion = "Xcode 9.3";
			developmentRegion = en;
			hasScannedForEncodings = 0;
			knownRegions = (
				en,
				Base,
			);
			mainGroup = 8730C8E321E8818C00F9F510;
			productRefGroup = 8730C8ED21E8818C00F9F510 /* Products */;
			projectDirPath = "";
			projectRoot = "";
			targets = (
				8730C8EB21E8818C00F9F510 /* MyApp */,
				8730C8FF21E8818E00F9F510 /* MyAppTests */,
				8730C90A21E8818E00F9F510 /* MyAppUITests */,
			);
		};
/* End PBXProject section */

/* Begin PBXResourcesBuildPhase section */
		8730C8EA21E8818C00F9F510 /* Resources */ = {
			isa = PBXResourcesBuildPhase;
			buildActionMask = 2147483647;
			files = (
				8730C8FA21E8818E00F9F510 /* LaunchScreen.storyboard in Resources */,
				8730C8F721E8818E00F9F510 /* Assets.xcassets in Resources */,
				8730C8F521E8818C00F9F510 /* Main.storyboard in Resources */,
			);
			runOnlyForDeploymentPostprocessing = 0;
		};
		8730C8FE21E8818E00F9F510 /* Resources */ = {
			isa = PBXResourcesBuildPhase;
			buildActionMask = 2147483647;
			files = (
			);
			runOnlyForDeploymentPostprocessing = 0;
		};
		8730C90921E8818E00F9F510 /* Resources */ = {
			isa = PBXResourcesBuildPhase;
			buildActionMask = 2147483647;
			files = (
			);
			runOnlyForDeploymentPostprocessing = 0;
		};
/* End PBXResourcesBuildPhase section */

/* Begin PBXSourcesBuildPhase section */
		8730C8E821E8818C00F9F510 /* Sources */ = {
			isa = PBXSourcesBuildPhase;
			buildActionMask = 2147483647;
			files = (
				8730C8F221E8818C00F9F510 /* ViewController.swift in Sources */,
				8730C8F021E8818C00F9F510 /* AppDelegate.swift in Sources */,
			);
			runOnlyForDeploymentPostprocessing = 0;
		};
		8730C8FC21E8818E00F9F510 /* Sources */ = {
			isa = PBXSourcesBuildPhase;
			buildActionMask = 2147483647;
			files = (
				8730C90521E8818E00F9F510 /* MyAppTests.swift in Sources */,
			);
			runOnlyForDeploymentPostprocessing = 0;
		};
		8730C90721E8818E00F9F510 /* Sources */ = {
			isa = PBXSourcesBuildPhase;
			buildActionMask = 2147483647;
			files = (
				8730C91021E8818E00F9F510 /* MyAppUITests.swift in Sources */,
			);
			runOnlyForDeploymentPostprocessing = 0;
		};
/* End PBXSourcesBuildPhase section */

/* Begin PBXTargetDependency section */
		8730C90221E8818E00F9F510 /* PBXTargetDependency */ = {
			isa = PBXTargetDependency;
			target = 8730C8EB21E8818C00F9F510 /* MyApp */;
			targetProxy = 8730C90121E8818E00F9F510 /* PBXContainerItemProxy */;
		};
		8730C90D21E8818E00F9F510 /* PBXTargetDependency */ = {
			isa = PBXTargetDependency;
			target = 8730C8EB21E8818C00F9F510 /* MyApp */;
			targetProxy = 8730C90C21E8818E00F9F510 /* PBXContainerItemProxy */;
		};
/* End PBXTargetDependency section */

/* Begin PBXVariantGroup section */
		8730C8F321E8818C00F9F510 /* Main.storyboard */ = {
			isa = PBXVariantGroup;
			children = (
				8730C8F421E8818C00F9F510 /* Base */,
			);
			name = Main.storyboard;
			sourceTree = "<group>";
		};
		8730C8F821E8818E00F9F510 /* LaunchScreen.storyboard */ = {
			isa = PBXVariantGroup;
			children = (
				8730C8F921E8818E00F9F510 /* Base */,
			);
			name = LaunchScreen.storyboard;
			sourceTree = "<group>";
		};
/* End PBXVariantGroup section */

/* Begin XCBuildConfiguration section */
		8730C91221E8818E00F9F510 /* Debug */ = {
			isa = XCBuildConfiguration;
			buildSettings = {
				ALWAYS_SEARCH_USER_PATHS = NO;
				CLANG_ANALYZER_NONNULL = YES;
				CLANG_ANALYZER_NUMBER_OBJECT_CONVERSION = YES_AGGRESSIVE;
				CLANG_CXX_LANGUAGE_STANDARD = "gnu++14";
				CLANG_CXX_LIBRARY = "libc++";
				CLANG_ENABLE_MODULES = YES;
				CLANG_ENABLE_OBJC_ARC = YES;
				CLANG_ENABLE_OBJC_WEAK = YES;
				CLANG_WARN_BLOCK_CAPTURE_AUTORELEASING = YES;
				CLANG_WARN_BOOL_CONVERSION = YES;
				CLANG_WARN_COMMA = YES;
				CLANG_WARN_CONSTANT_CONVERSION = YES;
				CLANG_WARN_DEPRECATED_OBJC_IMPLEMENTATIONS = YES;
				CLANG_WARN_DIRECT_OBJC_ISA_USAGE = YES_ERROR;
				CLANG_WARN_DOCUMENTATION_COMMENTS = YES;
				CLANG_WARN_EMPTY_BODY = YES;
				CLANG_WARN_ENUM_CONVERSION = YES;
				CLANG_WARN_INFINITE_RECURSION = YES;
				CLANG_WARN_INT_CONVERSION = YES;
				CLANG_WARN_NON_LITERAL_NULL_CONVERSION = YES;
				CLANG_WARN_OBJC_IMPLICIT_RETAIN_SELF = YES;
				CLANG_WARN_OBJC_LITERAL_CONVERSION = YES;
				CLANG_WARN_OBJC_ROOT_CLASS = YES_ERROR;
				CLANG_WARN_RANGE_LOOP_ANALYSIS = YES;
				CLANG_WARN_STRICT_PROTOTYPES = YES;
				CLANG_WARN_SUSPICIOUS_MOVE = YES;
				CLANG_WARN_UNGUARDED_AVAILABILITY = YES_AGGRESSIVE;
				CLANG_WARN_UNREACHABLE_CODE = YES;
				CLANG_WARN__DUPLICATE_METHOD_MATCH = YES;
				CODE_SIGN_IDENTITY = "iPhone Developer";
				COPY_PHASE_STRIP = NO;
				DEBUG_INFORMATION_FORMAT = dwarf;
				ENABLE_STRICT_OBJC_MSGSEND = YES;
				ENABLE_TESTABILITY = YES;
				GCC_C_LANGUAGE_STANDARD = gnu11;
				GCC_DYNAMIC_NO_PIC = NO;
				GCC_NO_COMMON_BLOCKS = YES;
				GCC_OPTIMIZATION_LEVEL = 0;
				GCC_PREPROCESSOR_DEFINITIONS = (
					"DEBUG=1",
					"$(inherited)",
				);
				GCC_WARN_64_TO_32_BIT_CONVERSION = YES;
				GCC_WARN_ABOUT_RETURN_TYPE = YES_ERROR;
				GCC_WARN_UNDECLARED_SELECTOR = YES;
				GCC_WARN_UNINITIALIZED_AUTOS = YES_AGGRESSIVE;
				GCC_WARN_UNUSED_FUNCTION = YES;
				GCC_WARN_UNUSED_VARIABLE = YES;
				IPHONEOS_DEPLOYMENT_TARGET = 12.1;
				MTL_ENABLE_DEBUG_INFO = INCLUDE_SOURCE;
				MTL_FAST_MATH = YES;
				ONLY_ACTIVE_ARCH = YES;
				SDKROOT = iphoneos;
				SWIFT_ACTIVE_COMPILATION_CONDITIONS = DEBUG;
				SWIFT_OPTIMIZATION_LEVEL = "-Onone";
			};
			name = Debug;
		};
		8730C91321E8818E00F9F510 /* Release */ = {
			isa = XCBuildConfiguration;
			buildSettings = {
				ALWAYS_SEARCH_USER_PATHS = NO;
				CLANG_ANALYZER_NONNULL = YES;
				CLANG_ANALYZER_NUMBER_OBJECT_CONVERSION = YES_AGGRESSIVE;
				CLANG_CXX_LANGUAGE_STANDARD = "gnu++14";
				CLANG_CXX_LIBRARY = "libc++";
				CLANG_ENABLE_MODULES = YES;
				CLANG_ENABLE_OBJC_ARC = YES;
				CLANG_ENABLE_OBJC_WEAK = YES;
				CLANG_WARN_BLOCK_CAPTURE_AUTORELEASING = YES;
				CLANG_WARN_BOOL_CONVERSION = YES;
				CLANG_WARN_COMMA = YES;
				CLANG_WARN_CONSTANT_CONVERSION = YES;
				CLANG_WARN_DEPRECATED_OBJC_IMPLEMENTATIONS = YES;
				CLANG_WARN_DIRECT_OBJC_ISA_USAGE = YES_ERROR;
				CLANG_WARN_DOCUMENTATION_COMMENTS = YES;
				CLANG_WARN_EMPTY_BODY = YES;
				CLANG_WARN_ENUM_CONVERSION = YES;
				CLANG_WARN_INFINITE_RECURSION = YES;
				CLANG_WARN_INT_CONVERSION = YES;
				CLANG_WARN_NON_LITERAL_NULL_CONVERSION = YES;
				CLANG_WARN_OBJC_IMPLICIT_RETAIN_SELF = YES;
				CLANG_WARN_OBJC_LITERAL_CONVERSION = YES;
				CLANG_WARN_OBJC_ROOT_CLASS = YES_ERROR;
				CLANG_WARN_RANGE_LOOP_ANALYSIS = YES;
				CLANG_WARN_STRICT_PROTOTYPES = YES;
				CLANG_WARN_SUSPICIOUS_MOVE = YES;
				CLANG_WARN_UNGUARDED_AVAILABILITY = YES_AGGRESSIVE;
				CLANG_WARN_UNREACHABLE_CODE = YES;
				CLANG_WARN__DUPLICATE_METHOD_MATCH = YES;
				CODE_SIGN_IDENTITY = "iPhone Developer";
				COPY_PHASE_STRIP = NO;
				DEBUG_INFORMATION_FORMAT = "dwarf-with-dsym";
				ENABLE_NS_ASSERTIONS = NO;
				ENABLE_STRICT_OBJC_MSGSEND = YES;
				GCC_C_LANGUAGE_STANDARD = gnu11;
				GCC_NO_COMMON_BLOCKS = YES;
				GCC_WARN_64_TO_32_BIT_CONVERSION = YES;
				GCC_WARN_ABOUT_RETURN_TYPE = YES_ERROR;
				GCC_WARN_UNDECLARED_SELECTOR = YES;
				GCC_WARN_UNINITIALIZED_AUTOS = YES_AGGRESSIVE;
				GCC_WARN_UNUSED_FUNCTION = YES;
				GCC_WARN_UNUSED_VARIABLE = YES;
				IPHONEOS_DEPLOYMENT_TARGET = 12.1;
				MTL_ENABLE_DEBUG_INFO = NO;
				MTL_FAST_MATH = YES;
				SDKROOT = iphoneos;
				SWIFT_COMPILATION_MODE = wholemodule;
				SWIFT_OPTIMIZATION_LEVEL = "-O";
				VALIDATE_PRODUCT = YES;
			};
			name = Release;
		};
		8730C91521E8818E00F9F510 /* Debug */ = {
			isa = XCBuildConfiguration;
			buildSettings = {
				ASSETCATALOG_COMPILER_APPICON_NAME = AppIcon;
				CODE_SIGN_STYLE = Automatic;
				INFOPLIST_FILE = MyApp/Info.plist;
				LD_RUNPATH_SEARCH_PATHS = (
					"$(inherited)",
					"@executable_path/Frameworks",
				);
				PRODUCT_BUNDLE_IDENTIFIER = com.cerebroenergia.MyApp;
				PRODUCT_NAME = "$(TARGET_NAME)";
				SWIFT_VERSION = 4.2;
				TARGETED_DEVICE_FAMILY = "1,2";
			};
			name = Debug;
		};
		8730C91621E8818E00F9F510 /* Release */ = {
			isa = XCBuildConfiguration;
			buildSettings = {
				ASSETCATALOG_COMPILER_APPICON_NAME = AppIcon;
				CODE_SIGN_STYLE = Automatic;
				INFOPLIST_FILE = MyApp/Info.plist;
				LD_RUNPATH_SEARCH_PATHS = (
					"$(inherited)",
					"@executable_path/Frameworks",
				);
				PRODUCT_BUNDLE_IDENTIFIER = com.cerebroenergia.MyApp;
				PRODUCT_NAME = "$(TARGET_NAME)";
				SWIFT_VERSION = 4.2;
				TARGETED_DEVICE_FAMILY = "1,2";
			};
			name = Release;
		};
		8730C91821E8818E00F9F510 /* Debug */ = {
			isa = XCBuildConfiguration;
			buildSettings = {
				ALWAYS_EMBED_SWIFT_STANDARD_LIBRARIES = YES;
				BUNDLE_LOADER = "$(TEST_HOST)";
				CODE_SIGN_STYLE = Automatic;
				INFOPLIST_FILE = MyAppTests/Info.plist;
				LD_RUNPATH_SEARCH_PATHS = (
					"$(inherited)",
					"@executable_path/Frameworks",
					"@loader_path/Frameworks",
				);
				PRODUCT_BUNDLE_IDENTIFIER = com.cerebroenergia.MyAppTests;
				PRODUCT_NAME = "$(TARGET_NAME)";
				SWIFT_VERSION = 4.2;
				TARGETED_DEVICE_FAMILY = "1,2";
				TEST_HOST = "$(BUILT_PRODUCTS_DIR)/MyApp.app/MyApp";
			};
			name = Debug;
		};
		8730C91921E8818E00F9F510 /* Release */ = {
			isa = XCBuildConfiguration;
			buildSettings = {
				ALWAYS_EMBED_SWIFT_STANDARD_LIBRARIES = YES;
				BUNDLE_LOADER = "$(TEST_HOST)";
				CODE_SIGN_STYLE = Automatic;
				INFOPLIST_FILE = MyAppTests/Info.plist;
				LD_RUNPATH_SEARCH_PATHS = (
					"$(inherited)",
					"@executable_path/Frameworks",
					"@loader_path/Frameworks",
				);
				PRODUCT_BUNDLE_IDENTIFIER = com.cerebroenergia.MyAppTests;
				PRODUCT_NAME = "$(TARGET_NAME)";
				SWIFT_VERSION = 4.2;
				TARGETED_DEVICE_FAMILY = "1,2";
				TEST_HOST = "$(BUILT_PRODUCTS_DIR)/MyApp.app/MyApp";
			};
			name = Release;
		};
		8730C91B21E8818E00F9F510 /* Debug */ = {
			isa = XCBuildConfiguration;
			buildSettings = {
				ALWAYS_EMBED_SWIFT_STANDARD_LIBRARIES = YES;
				CODE_SIGN_STYLE = Automatic;
				INFOPLIST_FILE = MyAppUITests/Info.plist;
				LD_RUNPATH_SEARCH_PATHS = (
					"$(inherited)",
					"@executable_path/Frameworks",
					"@loader_path/Frameworks",
				);
				PRODUCT_BUNDLE_IDENTIFIER = com.cerebroenergia.MyAppUITests;
				PRODUCT_NAME = "$(TARGET_NAME)";
				SWIFT_VERSION = 4.2;
				TARGETED_DEVICE_FAMILY = "1,2";
				TEST_TARGET_NAME = MyApp;
			};
			name = Debug;
		};
		8730C91C21E8818E00F9F510 /* Release */ = {
			isa = XCBuildConfiguration;
			buildSettings = {
				ALWAYS_EMBED_SWIFT_STANDARD_LIBRARIES = YES;
				CODE_SIGN_STYLE = Automatic;
				INFOPLIST_FILE = MyAppUITests/Info.plist;
				LD_RUNPATH_SEARCH_PATHS = (
					"$(inherited)",
					"@executable_path/Frameworks",
					"@loader_path/Frameworks",
				);
				PRODUCT_BUNDLE_IDENTIFIER = com.cerebroenergia.MyAppUITests;
				PRODUCT_NAME = "$(TARGET_NAME)";
				SWIFT_VERSION = 4.2;
				TARGETED_DEVICE_FAMILY = "1,2";
				TEST_TARGET_NAME = MyApp;
			};
			name = Release;
		};
/* End XCBuildConfiguration section */

/* Begin XCConfigurationList section */
		8730C8E721E8818C00F9F510 /* Build configuration list for PBXProject "MyApp" */ = {
			isa = XCConfigurationList;
			buildConfigurations = (
				8730C91221E8818E00F9F510 /* Debug */,
				8730C91321E8818E00F9F510 /* Release */,
			);
			defaultConfigurationIsVisible = 0;
			defaultConfigurationName = Release;
		};
		8730C91421E8818E00F9F510 /* Build configuration list for PBXNativeTarget "MyApp" */ = {
			isa = XCConfigurationList;
			buildConfigurations = (
				8730C91521E8818E00F9F510 /* Debug */,
				8730C91621E8818E00F9F510 /* Release */,
			);
			defaultConfigurationIsVisible = 0;
			defaultConfigurationName = Release;
		};
		8730C91721E8818E00F9F510 /* Build configuration list for PBXNativeTarget "MyAppTests" */ = {
			isa = XCConfigurationList;
			buildConfigurations = (
				8730C91821E8818E00F9F510 /* Debug */,
				8730C91921E8818E00F9F510 /* Release */,
			);
			defaultConfigurationIsVisible = 0;
			defaultConfigurationName = Release;
		};
		8730C91A21E8818E00F9F510 /* Build configuration list for PBXNativeTarget "MyAppUITests" */ = {
			isa = XCConfigurationList;
			buildConfigurations = (
				8730C91B21E8818E00F9F510 /* Debug */,
				8730C91C21E8818E00F9F510 /* Release */,
			);
			defaultConfigurationIsVisible = 0;
			defaultConfigurationName = Release;
		};
/* End XCConfigurationList section */
	};
	rootObject = 8730C8E421E8818C00F9F510 /* Project object */;
}
